<Solution>
  <Folder Name="/src/">
    <Project Path="src/IBEBarcode.Core/IBEBarcode.Core.csproj" />
    <Project Path="src/IBEBarcode.Desktop/IBEBarcode.Desktop.csproj" />
    <Project Path="src/IBEBarcode.Printing/IBEBarcode.Printing.csproj" />
    <Project Path="src/IBEBarcode.Rendering/IBEBarcode.Rendering.csproj" />
    <Project Path="src/IBEBarcode.Templates/IBEBarcode.Templates.csproj" />
    <Project Path="src/IBEBarcode.Web/IBEBarcode.Web.csproj" />
  </Folder>
  <Folder Name="/tests/">
    <Project Path="tests/IBEBarcode.Core.Tests/IBEBarcode.Core.Tests.csproj" />
    <Project Path="tests/IBEBarcode.Printing.Tests/IBEBarcode.Printing.Tests.csproj" />
    <Project Path="tests/IBEBarcode.Rendering.Tests/IBEBarcode.Rendering.Tests.csproj" />
    <Project Path="tests/IBEBarcode.Templates.Tests/IBEBarcode.Templates.Tests.csproj" />
  </Folder>
</Solution>
